lockVersion: 2.0.0
id: 5a4e5430-74b1-4f15-8b33-f876cfed9367
management:
  docChecksum: 8db86c8597b22945c2b3f77241037075
  docVersion: 1.0.0
  speakeasyVersion: 1.231.1
  generationVersion: 2.295.1
  releaseVersion: 0.1.0
  configChecksum: 1d431d32e42bda6912fa5ca669983085
  repoURL: https://github.com/speakeasy-sdks/speakeasy-bar-c-.git
  repoSubDirectory: .
  installationURL: https://github.com/speakeasy-sdks/speakeasy-bar-sdk
  published: true
features:
  csharp:
    callbacks: 1.0.0
    core: 3.6.0
    errors: 0.0.1
    examples: 2.81.3
    globalSecurity: 2.83.4
    globalServerURLs: 2.82.3
    inputOutputModels: 2.83.0
    serverIDs: 2.82.1
    webhooks: 1.0.0
  python:
    core: 2.85.3
    errors: 2.81.3
    examples: 2.81.1
    flattening: 2.81.1
    globalSecurity: 2.81.1
    globalServerURLs: 2.82.0
    inputOutputModels: 2.81.1
    serverIDs: 2.81.1
  typescript:
    core: 2.94.0
    errors: 2.81.7
    examples: 2.81.3
    flattening: 2.81.1
    globalSecurity: 2.82.0
    globalServerURLs: 2.82.0
    inputOutputModels: 2.81.1
    serverIDs: 2.81.2
generatedFiles:
  - Speakeasy/Bar/Authentication.cs
  - Speakeasy/Bar/Drinks.cs
  - Speakeasy/Bar/Ingredients.cs
  - Speakeasy/Bar/Orders.cs
  - Speakeasy/Bar/Config.cs
  - Speakeasy/Bar/Speakeasy.cs
  - global.json
  - Speakeasy.Bar.sln
  - Speakeasy/Bar/Utils/AnyDeserializer.cs
  - Speakeasy/Bar/Utils/BigIntStrConverter.cs
  - Speakeasy/Bar/Utils/DecimalStrConverter.cs
  - Speakeasy/Bar/Utils/EnumConverter.cs
  - Speakeasy/Bar/Utils/FlexibleObjectDeserializer.cs
  - Speakeasy/Bar/Utils/HeaderSerializer.cs
  - Speakeasy/Bar/Utils/IsoDateTimeSerializer.cs
  - Speakeasy/Bar/Utils/RequestBodySerializer.cs
  - Speakeasy/Bar/Utils/ResponseBodyDeserializer.cs
  - Speakeasy/Bar/Utils/SecuritySerializer.cs
  - Speakeasy/Bar/Utils/SpeakeasyHttpClient.cs
  - Speakeasy/Bar/Utils/SpeakeasyMetadata.cs
  - Speakeasy/Bar/Utils/URLBuilder.cs
  - Speakeasy/Bar/Utils/Utilities.cs
  - Speakeasy/Bar/Speakeasy.Bar.csproj
  - Speakeasy/Bar/Models/Errors/SDKException.cs
  - Speakeasy/Bar/Models/Requests/AuthenticateRequestBody.cs
  - Speakeasy/Bar/Models/Requests/AuthenticateResponseBody.cs
  - Speakeasy/Bar/Models/Requests/AuthenticateResponse.cs
  - Speakeasy/Bar/Models/Requests/GetDrinkRequest.cs
  - Speakeasy/Bar/Models/Requests/GetDrinkResponse.cs
  - Speakeasy/Bar/Models/Requests/ListDrinksRequest.cs
  - Speakeasy/Bar/Models/Requests/ListDrinksResponse.cs
  - Speakeasy/Bar/Models/Requests/ListIngredientsRequest.cs
  - Speakeasy/Bar/Models/Requests/ListIngredientsResponse.cs
  - Speakeasy/Bar/Models/Requests/CreateOrderRequest.cs
  - Speakeasy/Bar/Models/Requests/CreateOrderResponse.cs
  - Speakeasy/Bar/Models/Requests/Webhook.cs
  - Speakeasy/Bar/Models/Requests/RequestBody.cs
  - Speakeasy/Bar/Models/Requests/SubscribeToWebhooksResponse.cs
  - Speakeasy/Bar/Models/Components/Error.cs
  - Speakeasy/Bar/Models/Components/Drink.cs
  - Speakeasy/Bar/Models/Components/DrinkType.cs
  - Speakeasy/Bar/Models/Components/Ingredient.cs
  - Speakeasy/Bar/Models/Components/IngredientType.cs
  - Speakeasy/Bar/Models/Components/Status.cs
  - Speakeasy/Bar/Models/Components/Order.cs
  - Speakeasy/Bar/Models/Components/OrderType.cs
  - Speakeasy/Bar/Models/Components/OrderInput.cs
  - Speakeasy/Bar/Models/Components/Security.cs
  - Speakeasy/Bar/Models/Components/IngredientInput.cs
  - Speakeasy/Bar/Models/Components/DrinkInput.cs
  - Speakeasy/Bar/Models/Errors/APIError.cs
  - Speakeasy/Bar/Models/Callbacks/CreateOrderOrderUpdateResponse.cs
  - Speakeasy/Bar/Models/Callbacks/CreateOrderOrderUpdateRequestBody.cs
  - Speakeasy/Bar/Models/Webhooks/StockUpdateResponse.cs
  - Speakeasy/Bar/Models/Webhooks/StockUpdateRequestBody.cs
  - docs/Models/Requests/AuthenticateRequestBody.md
  - docs/Models/Requests/AuthenticateResponseBody.md
  - docs/Models/Requests/AuthenticateResponse.md
  - docs/Models/Requests/GetDrinkRequest.md
  - docs/Models/Requests/GetDrinkResponse.md
  - docs/Models/Requests/ListDrinksRequest.md
  - docs/Models/Requests/ListDrinksResponse.md
  - docs/Models/Requests/ListIngredientsRequest.md
  - docs/Models/Requests/ListIngredientsResponse.md
  - docs/Models/Requests/CreateOrderRequest.md
  - docs/Models/Requests/CreateOrderResponse.md
  - docs/Models/Requests/Webhook.md
  - docs/Models/Requests/RequestBody.md
  - docs/Models/Requests/SubscribeToWebhooksResponse.md
  - docs/Models/Components/Error.md
  - docs/Models/Components/Drink.md
  - docs/Models/Components/DrinkType.md
  - docs/Models/Components/Ingredient.md
  - docs/Models/Components/IngredientType.md
  - docs/Models/Components/Status.md
  - docs/Models/Components/Order.md
  - docs/Models/Components/OrderType.md
  - docs/Models/Components/OrderInput.md
  - docs/Models/Components/Security.md
  - docs/Models/Components/IngredientInput.md
  - docs/Models/Components/DrinkInput.md
  - docs/Models/Errors/APIError.md
  - docs/Models/Callbacks/CreateOrderOrderUpdateResponse.md
  - docs/Models/Callbacks/CreateOrderOrderUpdateRequestBody.md
  - docs/Models/Webhooks/StockUpdateResponse.md
  - docs/Models/Webhooks/StockUpdateRequestBody.md
  - docs/sdks/speakeasy/README.md
  - docs/sdks/authentication/README.md
  - docs/sdks/drinks/README.md
  - docs/sdks/ingredients/README.md
  - docs/sdks/orders/README.md
  - docs/sdks/config/README.md
  - USAGE.md
  - .gitattributes
