lockVersion: 2.0.0
id: efbff7d0-9707-41b5-8250-f8ab7c540231
management:
  docChecksum: 8db86c8597b22945c2b3f77241037075
  docVersion: 1.0.0
  speakeasyVersion: internal
  generationVersion: 2.263.3
  releaseVersion: 0.0.1
  configChecksum: 4d82b19e10e0c3aedba224d334370814
  repoURL: https://github.com/speakeasy-sdks/speakeasy-bar-c-.git
  repoSubDirectory: .
  installationURL: https://github.com/speakeasy-sdks/speakeasy-bar-sdk
  published: true
features:
  csharp:
    core: 3.3.2
    examples: 2.81.3
    globalSecurity: 2.83.1
    globalServerURLs: 2.82.2
    inputOutputModels: 2.83.0
    methodSecurity: 2.82.1
    serverIDs: 2.82.1
  python:
    core: 2.85.3
    errors: 2.81.3
    examples: 2.81.1
    flattening: 2.81.1
    globalSecurity: 2.81.1
    globalServerURLs: 2.82.0
    inputOutputModels: 2.81.1
    serverIDs: 2.81.1
  typescript:
    core: 2.94.0
    errors: 2.81.7
    examples: 2.81.3
    flattening: 2.81.1
    globalSecurity: 2.82.0
    globalServerURLs: 2.82.0
    inputOutputModels: 2.81.1
    serverIDs: 2.81.2
generatedFiles:
  - SpeakeasyBar/Authentication.cs
  - SpeakeasyBar/Drinks.cs
  - SpeakeasyBar/Ingredients.cs
  - SpeakeasyBar/Orders.cs
  - SpeakeasyBar/Config.cs
  - SpeakeasyBar/Speakeasy.cs
  - SpeakeasyBar/Utils/BigIntSerializer.cs
  - SpeakeasyBar/Utils/DecimalSerializer.cs
  - SpeakeasyBar/Utils/EnumSerializer.cs
  - SpeakeasyBar/Utils/FlexibleObjectDeserializer.cs
  - SpeakeasyBar/Utils/HeaderSerializer.cs
  - SpeakeasyBar/Utils/IsoDateTimeSerializer.cs
  - SpeakeasyBar/Utils/RequestBodySerializer.cs
  - SpeakeasyBar/Utils/SecuritySerializer.cs
  - SpeakeasyBar/Utils/SpeakeasyHttpClient.cs
  - SpeakeasyBar/Utils/SpeakeasyMetadata.cs
  - SpeakeasyBar/Utils/URLBuilder.cs
  - SpeakeasyBar/Utils/Utilities.cs
  - SpeakeasyBar/SpeakeasyBar.csproj
  - SpeakeasyBar.sln
  - SpeakeasyBar/Models/Requests/AuthenticateRequestBody.cs
  - SpeakeasyBar/Models/Requests/AuthenticateResponseBody.cs
  - SpeakeasyBar/Models/Requests/AuthenticateResponse.cs
  - SpeakeasyBar/Models/Requests/GetDrinkRequest.cs
  - SpeakeasyBar/Models/Requests/GetDrinkResponse.cs
  - SpeakeasyBar/Models/Requests/ListDrinksRequest.cs
  - SpeakeasyBar/Models/Requests/ListDrinksResponse.cs
  - SpeakeasyBar/Models/Requests/ListIngredientsRequest.cs
  - SpeakeasyBar/Models/Requests/ListIngredientsResponse.cs
  - SpeakeasyBar/Models/Requests/CreateOrderRequest.cs
  - SpeakeasyBar/Models/Requests/CreateOrderResponse.cs
  - SpeakeasyBar/Models/Requests/Webhook.cs
  - SpeakeasyBar/Models/Requests/RequestBody.cs
  - SpeakeasyBar/Models/Requests/SubscribeToWebhooksResponse.cs
  - SpeakeasyBar/Models/Components/Error.cs
  - SpeakeasyBar/Models/Components/APIError.cs
  - SpeakeasyBar/Models/Components/Drink.cs
  - SpeakeasyBar/Models/Components/DrinkType.cs
  - SpeakeasyBar/Models/Components/Ingredient.cs
  - SpeakeasyBar/Models/Components/IngredientType.cs
  - SpeakeasyBar/Models/Components/Status.cs
  - SpeakeasyBar/Models/Components/Order.cs
  - SpeakeasyBar/Models/Components/OrderType.cs
  - SpeakeasyBar/Models/Components/OrderInput.cs
  - SpeakeasyBar/Models/Components/Security.cs
  - SpeakeasyBar/Models/Components/IngredientInput.cs
  - SpeakeasyBar/Models/Components/DrinkInput.cs
  - SpeakeasyBar/Models/Callbacks/CreateOrderOrderUpdateResponse.cs
  - SpeakeasyBar/Models/Callbacks/CreateOrderOrderUpdateRequestBody.cs
  - SpeakeasyBar/Models/Webhooks/StockUpdateResponse.cs
  - SpeakeasyBar/Models/Webhooks/StockUpdateRequestBody.cs
  - docs/Models/Requests/AuthenticateRequestBody.md
  - docs/Models/Requests/AuthenticateResponseBody.md
  - docs/Models/Requests/AuthenticateResponse.md
  - docs/Models/Requests/GetDrinkRequest.md
  - docs/Models/Requests/GetDrinkResponse.md
  - docs/Models/Requests/ListDrinksRequest.md
  - docs/Models/Requests/ListDrinksResponse.md
  - docs/Models/Requests/ListIngredientsRequest.md
  - docs/Models/Requests/ListIngredientsResponse.md
  - docs/Models/Requests/CreateOrderRequest.md
  - docs/Models/Requests/CreateOrderResponse.md
  - docs/Models/Requests/Webhook.md
  - docs/Models/Requests/RequestBody.md
  - docs/Models/Requests/SubscribeToWebhooksResponse.md
  - docs/Models/Components/Error.md
  - docs/Models/Components/APIError.md
  - docs/Models/Components/Drink.md
  - docs/Models/Components/DrinkType.md
  - docs/Models/Components/Ingredient.md
  - docs/Models/Components/IngredientType.md
  - docs/Models/Components/Status.md
  - docs/Models/Components/Order.md
  - docs/Models/Components/OrderType.md
  - docs/Models/Components/OrderInput.md
  - docs/Models/Components/Security.md
  - docs/Models/Components/IngredientInput.md
  - docs/Models/Components/DrinkInput.md
  - docs/Models/Callbacks/CreateOrderOrderUpdateResponse.md
  - docs/Models/Callbacks/CreateOrderOrderUpdateRequestBody.md
  - docs/Models/Webhooks/StockUpdateResponse.md
  - docs/Models/Webhooks/StockUpdateRequestBody.md
  - docs/sdks/speakeasy/README.md
  - docs/sdks/authentication/README.md
  - docs/sdks/drinks/README.md
  - docs/sdks/ingredients/README.md
  - docs/sdks/orders/README.md
  - docs/sdks/config/README.md
  - USAGE.md
  - .gitattributes
